
Microsoft Visual Studio Solution File, Format Version 12.00
# Visual Studio 15
VisualStudioVersion = 15.0.27703.2000
MinimumVisualStudioVersion = 10.0.40219.1
Project("{FAE04EC0-301F-11D3-BF4B-00C04F79EFBC}") = "DBS.Banner1", "DBS.Banner1\DBS.Banner1.csproj", "{BEAF3BFD-C381-4251-B8A0-9E181BAFF290}"
EndProject
Global
	GlobalSection(SolutionConfigurationPlatforms) = preSolution
		Debug|Any CPU = Debug|Any CPU
		Release|Any CPU = Release|Any CPU
	EndGlobalSection
	GlobalSection(ProjectConfigurationPlatforms) = postSolution
		{BEAF3BFD-C381-4251-B8A0-9E181BAFF290}.Debug|Any CPU.ActiveCfg = Debug|Any CPU
		{BEAF3BFD-C381-4251-B8A0-9E181BAFF290}.Debug|Any CPU.Build.0 = Debug|Any CPU
		{BEAF3BFD-C381-4251-B8A0-9E181BAFF290}.Debug|Any CPU.Deploy.0 = Debug|Any CPU
		{BEAF3BFD-C381-4251-B8A0-9E181BAFF290}.Release|Any CPU.ActiveCfg = Release|Any CPU
		{BEAF3BFD-C381-4251-B8A0-9E181BAFF290}.Release|Any CPU.Build.0 = Release|Any CPU
		{BEAF3BFD-C381-4251-B8A0-9E181BAFF290}.Release|Any CPU.Deploy.0 = Release|Any CPU
	EndGlobalSection
	GlobalSection(SolutionProperties) = preSolution
		HideSolutionNode = FALSE
	EndGlobalSection
	GlobalSection(ExtensibilityGlobals) = postSolution
		SolutionGuid = {3DCC40F4-70FD-488A-BF63-8AA6531920EE}
	EndGlobalSection
EndGlobal
